
Microsoft Visual Studio Solution File, Format Version 12.00
# Visual Studio 15
VisualStudioVersion = 15.0.26124.0
MinimumVisualStudioVersion = 15.0.26124.0
Project("{2150E333-8FDC-42A3-9474-1A3956D46DE8}") = "src", "src", "{A807682B-2D28-4CC1-BBFB-7E8E890995E7}"
EndProject
Project("{FAE04EC0-301F-11D3-BF4B-00C04F79EFBC}") = "WebAPI", "src\WebAPI\WebAPI.csproj", "{0FA281FE-F946-4C8F-9DFE-F34B7A3F5407}"
EndProject
Project("{FAE04EC0-301F-11D3-BF4B-00C04F79EFBC}") = "Application", "src\Application\Application.csproj", "{4EAD3075-FA08-411A-A7E6-0AE81D434C2C}"
EndProject
Project("{FAE04EC0-301F-11D3-BF4B-00C04F79EFBC}") = "Infrastructure", "src\Infrastructure\Infrastructure.csproj", "{965CA23A-A5A6-46AE-8FF4-67ABA945C2CD}"
EndProject
Project("{FAE04EC0-301F-11D3-BF4B-00C04F79EFBC}") = "Domain", "src\Domain\Domain.csproj", "{18F3554C-FAC5-4C60-8F52-8CD8AB73DE5C}"
EndProject
Global
	GlobalSection(SolutionConfigurationPlatforms) = preSolution
		Debug|Any CPU = Debug|Any CPU
		Debug|x64 = Debug|x64
		Debug|x86 = Debug|x86
		Release|Any CPU = Release|Any CPU
		Release|x64 = Release|x64
		Release|x86 = Release|x86
	EndGlobalSection
	GlobalSection(SolutionProperties) = preSolution
		HideSolutionNode = FALSE
	EndGlobalSection
	GlobalSection(ProjectConfigurationPlatforms) = postSolution
		{0FA281FE-F946-4C8F-9DFE-F34B7A3F5407}.Debug|Any CPU.ActiveCfg = Debug|Any CPU
		{0FA281FE-F946-4C8F-9DFE-F34B7A3F5407}.Debug|Any CPU.Build.0 = Debug|Any CPU
		{0FA281FE-F946-4C8F-9DFE-F34B7A3F5407}.Debug|x64.ActiveCfg = Debug|Any CPU
		{0FA281FE-F946-4C8F-9DFE-F34B7A3F5407}.Debug|x64.Build.0 = Debug|Any CPU
		{0FA281FE-F946-4C8F-9DFE-F34B7A3F5407}.Debug|x86.ActiveCfg = Debug|Any CPU
		{0FA281FE-F946-4C8F-9DFE-F34B7A3F5407}.Debug|x86.Build.0 = Debug|Any CPU
		{0FA281FE-F946-4C8F-9DFE-F34B7A3F5407}.Release|Any CPU.ActiveCfg = Release|Any CPU
		{0FA281FE-F946-4C8F-9DFE-F34B7A3F5407}.Release|Any CPU.Build.0 = Release|Any CPU
		{0FA281FE-F946-4C8F-9DFE-F34B7A3F5407}.Release|x64.ActiveCfg = Release|Any CPU
		{0FA281FE-F946-4C8F-9DFE-F34B7A3F5407}.Release|x64.Build.0 = Release|Any CPU
		{0FA281FE-F946-4C8F-9DFE-F34B7A3F5407}.Release|x86.ActiveCfg = Release|Any CPU
		{0FA281FE-F946-4C8F-9DFE-F34B7A3F5407}.Release|x86.Build.0 = Release|Any CPU
		{4EAD3075-FA08-411A-A7E6-0AE81D434C2C}.Debug|Any CPU.ActiveCfg = Debug|Any CPU
		{4EAD3075-FA08-411A-A7E6-0AE81D434C2C}.Debug|Any CPU.Build.0 = Debug|Any CPU
		{4EAD3075-FA08-411A-A7E6-0AE81D434C2C}.Debug|x64.ActiveCfg = Debug|Any CPU
		{4EAD3075-FA08-411A-A7E6-0AE81D434C2C}.Debug|x64.Build.0 = Debug|Any CPU
		{4EAD3075-FA08-411A-A7E6-0AE81D434C2C}.Debug|x86.ActiveCfg = Debug|Any CPU
		{4EAD3075-FA08-411A-A7E6-0AE81D434C2C}.Debug|x86.Build.0 = Debug|Any CPU
		{4EAD3075-FA08-411A-A7E6-0AE81D434C2C}.Release|Any CPU.ActiveCfg = Release|Any CPU
		{4EAD3075-FA08-411A-A7E6-0AE81D434C2C}.Release|Any CPU.Build.0 = Release|Any CPU
		{4EAD3075-FA08-411A-A7E6-0AE81D434C2C}.Release|x64.ActiveCfg = Release|Any CPU
		{4EAD3075-FA08-411A-A7E6-0AE81D434C2C}.Release|x64.Build.0 = Release|Any CPU
		{4EAD3075-FA08-411A-A7E6-0AE81D434C2C}.Release|x86.ActiveCfg = Release|Any CPU
		{4EAD3075-FA08-411A-A7E6-0AE81D434C2C}.Release|x86.Build.0 = Release|Any CPU
		{965CA23A-A5A6-46AE-8FF4-67ABA945C2CD}.Debug|Any CPU.ActiveCfg = Debug|Any CPU
		{965CA23A-A5A6-46AE-8FF4-67ABA945C2CD}.Debug|Any CPU.Build.0 = Debug|Any CPU
		{965CA23A-A5A6-46AE-8FF4-67ABA945C2CD}.Debug|x64.ActiveCfg = Debug|Any CPU
		{965CA23A-A5A6-46AE-8FF4-67ABA945C2CD}.Debug|x64.Build.0 = Debug|Any CPU
		{965CA23A-A5A6-46AE-8FF4-67ABA945C2CD}.Debug|x86.ActiveCfg = Debug|Any CPU
		{965CA23A-A5A6-46AE-8FF4-67ABA945C2CD}.Debug|x86.Build.0 = Debug|Any CPU
		{965CA23A-A5A6-46AE-8FF4-67ABA945C2CD}.Release|Any CPU.ActiveCfg = Release|Any CPU
		{965CA23A-A5A6-46AE-8FF4-67ABA945C2CD}.Release|Any CPU.Build.0 = Release|Any CPU
		{965CA23A-A5A6-46AE-8FF4-67ABA945C2CD}.Release|x64.ActiveCfg = Release|Any CPU
		{965CA23A-A5A6-46AE-8FF4-67ABA945C2CD}.Release|x64.Build.0 = Release|Any CPU
		{965CA23A-A5A6-46AE-8FF4-67ABA945C2CD}.Release|x86.ActiveCfg = Release|Any CPU
		{965CA23A-A5A6-46AE-8FF4-67ABA945C2CD}.Release|x86.Build.0 = Release|Any CPU
		{18F3554C-FAC5-4C60-8F52-8CD8AB73DE5C}.Debug|Any CPU.ActiveCfg = Debug|Any CPU
		{18F3554C-FAC5-4C60-8F52-8CD8AB73DE5C}.Debug|Any CPU.Build.0 = Debug|Any CPU
		{18F3554C-FAC5-4C60-8F52-8CD8AB73DE5C}.Debug|x64.ActiveCfg = Debug|Any CPU
		{18F3554C-FAC5-4C60-8F52-8CD8AB73DE5C}.Debug|x64.Build.0 = Debug|Any CPU
		{18F3554C-FAC5-4C60-8F52-8CD8AB73DE5C}.Debug|x86.ActiveCfg = Debug|Any CPU
		{18F3554C-FAC5-4C60-8F52-8CD8AB73DE5C}.Debug|x86.Build.0 = Debug|Any CPU
		{18F3554C-FAC5-4C60-8F52-8CD8AB73DE5C}.Release|Any CPU.ActiveCfg = Release|Any CPU
		{18F3554C-FAC5-4C60-8F52-8CD8AB73DE5C}.Release|Any CPU.Build.0 = Release|Any CPU
		{18F3554C-FAC5-4C60-8F52-8CD8AB73DE5C}.Release|x64.ActiveCfg = Release|Any CPU
		{18F3554C-FAC5-4C60-8F52-8CD8AB73DE5C}.Release|x64.Build.0 = Release|Any CPU
		{18F3554C-FAC5-4C60-8F52-8CD8AB73DE5C}.Release|x86.ActiveCfg = Release|Any CPU
		{18F3554C-FAC5-4C60-8F52-8CD8AB73DE5C}.Release|x86.Build.0 = Release|Any CPU
	EndGlobalSection
	GlobalSection(NestedProjects) = preSolution
		{0FA281FE-F946-4C8F-9DFE-F34B7A3F5407} = {A807682B-2D28-4CC1-BBFB-7E8E890995E7}
		{4EAD3075-FA08-411A-A7E6-0AE81D434C2C} = {A807682B-2D28-4CC1-BBFB-7E8E890995E7}
		{965CA23A-A5A6-46AE-8FF4-67ABA945C2CD} = {A807682B-2D28-4CC1-BBFB-7E8E890995E7}
		{18F3554C-FAC5-4C60-8F52-8CD8AB73DE5C} = {A807682B-2D28-4CC1-BBFB-7E8E890995E7}
	EndGlobalSection
EndGlobal
